
Microsoft Visual Studio Solution File, Format Version 12.00
# Visual Studio 2013
VisualStudioVersion = 12.0.30501.0
MinimumVisualStudioVersion = 10.0.40219.1
Project("{FAE04EC0-301F-11D3-BF4B-00C04F79EFBC}") = "SomeProject", "SomeProject\SomeProject.csproj", "{61D936C5-008A-4FCE-8312-0CA45B171F2D}"
EndProject
Project("{FAE04EC0-301F-11D3-BF4B-00C04F79EFBC}") = "SomeProject.Tests", "SomeProject.Tests\SomeProject.Tests.csproj", "{F2CF41A9-418B-4124-AFAA-A0314F4CA7B2}"
EndProject
Global
	GlobalSection(SolutionConfigurationPlatforms) = preSolution
		Debug|Any CPU = Debug|Any CPU
		Release|Any CPU = Release|Any CPU
	EndGlobalSection
	GlobalSection(ProjectConfigurationPlatforms) = postSolution
		{61D936C5-008A-4FCE-8312-0CA45B171F2D}.Debug|Any CPU.ActiveCfg = Debug|Any CPU
		{61D936C5-008A-4FCE-8312-0CA45B171F2D}.Debug|Any CPU.Build.0 = Debug|Any CPU
		{61D936C5-008A-4FCE-8312-0CA45B171F2D}.Release|Any CPU.ActiveCfg = Release|Any CPU
		{61D936C5-008A-4FCE-8312-0CA45B171F2D}.Release|Any CPU.Build.0 = Release|Any CPU
		{F2CF41A9-418B-4124-AFAA-A0314F4CA7B2}.Debug|Any CPU.ActiveCfg = Debug|Any CPU
		{F2CF41A9-418B-4124-AFAA-A0314F4CA7B2}.Debug|Any CPU.Build.0 = Debug|Any CPU
		{F2CF41A9-418B-4124-AFAA-A0314F4CA7B2}.Release|Any CPU.ActiveCfg = Release|Any CPU
		{F2CF41A9-418B-4124-AFAA-A0314F4CA7B2}.Release|Any CPU.Build.0 = Release|Any CPU
	EndGlobalSection
	GlobalSection(SolutionProperties) = preSolution
		HideSolutionNode = FALSE
	EndGlobalSection
EndGlobal
